<?xml version="1.0" encoding="utf-8"?>
<Project ToolsVersion="4.0" xmlns="http://schemas.microsoft.com/developer/msbuild/2003">
  <ItemGroup>
    <Filter Include="90.Default">
      <UniqueIdentifier>{d5e911cf-7ec2-466a-8af3-5e25e49bdcc0}</UniqueIdentifier>
    </Filter>
    <Filter Include="00.MainApp">
      <UniqueIdentifier>{515c8648-0ac5-466d-8a41-a05d4f9d71e4}</UniqueIdentifier>
    </Filter>
    <Filter Include="01.Level">
      <UniqueIdentifier>{4bcaaf1d-01b7-48ab-a090-c1ee0451ec06}</UniqueIdentifier>
    </Filter>
    <Filter Include="01.Level\GamePlay">
      <UniqueIdentifier>{8f3a036a-1325-4dfc-8798-7d2ef8fff370}</UniqueIdentifier>
    </Filter>
    <Filter Include="01.Level\Loading">
      <UniqueIdentifier>{7dfd6c57-a5b0-4f83-914b-b6fe4e9af40b}</UniqueIdentifier>
    </Filter>
    <Filter Include="01.Level\Loading\Loader">
      <UniqueIdentifier>{59f12939-c457-47c2-9c79-47608723a368}</UniqueIdentifier>
    </Filter>
    <Filter Include="01.Level\Logo">
      <UniqueIdentifier>{a11e0eeb-0677-4580-a93e-2484d884d12c}</UniqueIdentifier>
    </Filter>
    <Filter Include="02.GameObject">
      <UniqueIdentifier>{c4b8b095-92cb-44c3-aefb-94528c281461}</UniqueIdentifier>
    </Filter>
    <Filter Include="02.GameObject\BackGround">
      <UniqueIdentifier>{b0996a4b-fc18-4aaa-8e8d-a67100e3c78d}</UniqueIdentifier>
    </Filter>
    <Filter Include="02.GameObject\Camera">
      <UniqueIdentifier>{06c63064-d248-45d2-bb32-c642c92886c9}</UniqueIdentifier>
    </Filter>
    <Filter Include="02.GameObject\Cube">
      <UniqueIdentifier>{56234d9b-3d8f-4299-a4fc-024345305160}</UniqueIdentifier>
    </Filter>
    <Filter Include="02.GameObject\Creature">
      <UniqueIdentifier>{113baaa9-6dad-4d30-90be-31542dcb15db}</UniqueIdentifier>
    </Filter>
    <Filter Include="03.MoDel">
      <UniqueIdentifier>{a08430b2-81f3-475d-be09-1bee6cde32c6}</UniqueIdentifier>
    </Filter>
    <Filter Include="03.MoDel\Wood">
      <UniqueIdentifier>{c8d36d46-76ed-46a6-9699-37c6abacc648}</UniqueIdentifier>
    </Filter>
    <Filter Include="02.GameObject\Creature\Player">
      <UniqueIdentifier>{1706e6cf-71bc-4be8-b54a-d3fe1f635c81}</UniqueIdentifier>
    </Filter>
    <Filter Include="02.GameObject\Creature\Monster">
      <UniqueIdentifier>{befeacc2-5ae3-46d9-9ea6-3acf1eeb6f2f}</UniqueIdentifier>
    </Filter>
    <Filter Include="02.GameObject\Creature\Monster\OrangeMushroom">
      <UniqueIdentifier>{47f7fd98-bbd9-4818-bc33-ba3728fdc141}</UniqueIdentifier>
    </Filter>
    <Filter Include="02.GameObject\Skill">
      <UniqueIdentifier>{151537b9-6f0f-4d0c-9bcb-eb3034f7018f}</UniqueIdentifier>
    </Filter>
    <Filter Include="02.GameObject\Creature\Monster\RedSnail">
      <UniqueIdentifier>{4039bbfd-f0e3-402f-9c78-d3391d1eb30e}</UniqueIdentifier>
    </Filter>
    <Filter Include="02.GameObject\Creature\Monster\Sllime">
      <UniqueIdentifier>{062b7ebc-7395-4881-8756-36ce36cf9645}</UniqueIdentifier>
    </Filter>
    <Filter Include="02.GameObject\Skill\RangeAttack">
      <UniqueIdentifier>{90197637-a33b-45e3-83a7-c6a284b8b593}</UniqueIdentifier>
    </Filter>
    <Filter Include="02.GameObject\Skill\RangeAttack\AngelRay">
      <UniqueIdentifier>{bbde3b1b-fd6f-43bd-bd68-e1c24d11d510}</UniqueIdentifier>
    </Filter>
    <Filter Include="02.GameObject\Skill\RangeAttack\AngelRay\Effect">
      <UniqueIdentifier>{48779021-1b11-4fc2-bf31-cdf8e4bc7a0f}</UniqueIdentifier>
    </Filter>
    <Filter Include="02.GameObject\Skill\RangeAttack\AngelRay\Attack">
      <UniqueIdentifier>{ec04dc65-5da1-4319-9b7b-929e95132e9c}</UniqueIdentifier>
    </Filter>
    <Filter Include="02.GameObject\Skill\RangeAttack\AngelRay\Hit">
      <UniqueIdentifier>{0667ff32-e47e-4583-b832-2e3805d863c0}</UniqueIdentifier>
    </Filter>
    <Filter Include="02.GameObject\Skill\Dash">
      <UniqueIdentifier>{4ab2090d-8f1c-4f58-9b13-8fc8f5a21ae8}</UniqueIdentifier>
    </Filter>
    <Filter Include="02.GameObject\Skill\Dash\SolunaSlash">
      <UniqueIdentifier>{27d0394f-bd5a-41db-91a3-feacf968a66d}</UniqueIdentifier>
    </Filter>
    <Filter Include="02.GameObject\Skill\Dash\SolunaSlash\EffectA">
      <UniqueIdentifier>{24a6cbf4-4631-4d16-ad48-88539c860231}</UniqueIdentifier>
    </Filter>
    <Filter Include="02.GameObject\Skill\Dash\SolunaSlash\EffectB">
      <UniqueIdentifier>{796623a3-ad84-4945-b309-ad03f397c6be}</UniqueIdentifier>
    </Filter>
    <Filter Include="02.GameObject\Skill\CloseAttack">
      <UniqueIdentifier>{7b7eff4e-7fff-4015-a7a6-f0a016d6e639}</UniqueIdentifier>
    </Filter>
    <Filter Include="02.GameObject\Skill\CloseAttack\CrossTheStyx">
      <UniqueIdentifier>{bf8a3285-e967-4d45-95f4-1775a8353f6c}</UniqueIdentifier>
    </Filter>
  </ItemGroup>
  <ItemGroup>
    <ClInclude Include="Client.h">
      <Filter>90.Default</Filter>
    </ClInclude>
    <ClInclude Include="Resource.h">
      <Filter>90.Default</Filter>
    </ClInclude>
    <ClInclude Include="stdafx.h">
      <Filter>90.Default</Filter>
    </ClInclude>
    <ClInclude Include="targetver.h">
      <Filter>90.Default</Filter>
    </ClInclude>
    <ClInclude Include="..\Public\BackGround.h">
      <Filter>02.GameObject\BackGround</Filter>
    </ClInclude>
    <ClInclude Include="..\Public\Camera_Free.h">
      <Filter>02.GameObject\Camera</Filter>
    </ClInclude>
    <ClInclude Include="..\Public\Level_GamePlay.h">
      <Filter>01.Level\GamePlay</Filter>
    </ClInclude>
    <ClInclude Include="..\Public\Level_Loading.h">
      <Filter>01.Level\Loading</Filter>
    </ClInclude>
    <ClInclude Include="..\Public\Loader.h">
      <Filter>01.Level\Loading\Loader</Filter>
    </ClInclude>
    <ClInclude Include="..\Public\Level_Logo.h">
      <Filter>01.Level\Logo</Filter>
    </ClInclude>
    <ClInclude Include="..\Public\MainApp.h">
      <Filter>00.MainApp</Filter>
    </ClInclude>
    <ClInclude Include="..\Public\Player.h">
      <Filter>02.GameObject\Creature\Player</Filter>
    </ClInclude>
    <ClInclude Include="..\Public\Client_Defines.h">
      <Filter>90.Default</Filter>
    </ClInclude>
    <ClInclude Include="..\Public\Cube.h">
      <Filter>02.GameObject\Cube</Filter>
    </ClInclude>
    <ClInclude Include="..\Public\Wood.h">
      <Filter>03.MoDel\Wood</Filter>
    </ClInclude>
    <ClInclude Include="..\Public\Creature.h">
      <Filter>02.GameObject\Creature</Filter>
    </ClInclude>
    <ClInclude Include="..\Public\OrangeMushroom.h">
      <Filter>02.GameObject\Creature\Monster\OrangeMushroom</Filter>
    </ClInclude>
    <ClInclude Include="..\Public\AngelRay_Attack.h">
      <Filter>02.GameObject\Skill\RangeAttack\AngelRay\Attack</Filter>
    </ClInclude>
    <ClInclude Include="..\Public\AngelRay_Effect.h">
      <Filter>02.GameObject\Skill\RangeAttack\AngelRay\Effect</Filter>
    </ClInclude>
    <ClInclude Include="..\Public\AngelRay_Hit.h">
      <Filter>02.GameObject\Skill\RangeAttack\AngelRay\Hit</Filter>
    </ClInclude>
    <ClInclude Include="..\Public\RedSnail.h">
      <Filter>02.GameObject\Creature\Monster\RedSnail</Filter>
    </ClInclude>
    <ClInclude Include="..\Public\Slime.h">
      <Filter>02.GameObject\Creature\Monster\Sllime</Filter>
    </ClInclude>
    <ClInclude Include="..\Public\SolunaSlashEffectA.h">
      <Filter>02.GameObject\Skill\Dash\SolunaSlash\EffectA</Filter>
    </ClInclude>
    <ClInclude Include="..\Public\SolunaSlashEffectB.h">
      <Filter>02.GameObject\Skill\Dash\SolunaSlash\EffectB</Filter>
    </ClInclude>
    <ClInclude Include="..\Public\CrossTheStyx.h">
      <Filter>02.GameObject\Skill\CloseAttack\CrossTheStyx</Filter>
    </ClInclude>
  </ItemGroup>
  <ItemGroup>
    <ClCompile Include="Client.cpp">
      <Filter>90.Default</Filter>
    </ClCompile>
    <ClCompile Include="stdafx.cpp">
      <Filter>90.Default</Filter>
    </ClCompile>
    <ClCompile Include="..\Private\BackGround.cpp">
      <Filter>02.GameObject\BackGround</Filter>
    </ClCompile>
    <ClCompile Include="..\Private\Camera_Free.cpp">
      <Filter>02.GameObject\Camera</Filter>
    </ClCompile>
    <ClCompile Include="..\Private\Level_GamePlay.cpp">
      <Filter>01.Level\GamePlay</Filter>
    </ClCompile>
    <ClCompile Include="..\Private\Level_Loading.cpp">
      <Filter>01.Level\Loading</Filter>
    </ClCompile>
    <ClCompile Include="..\Private\Loader.cpp">
      <Filter>01.Level\Loading\Loader</Filter>
    </ClCompile>
    <ClCompile Include="..\Private\Level_Logo.cpp">
      <Filter>01.Level\Logo</Filter>
    </ClCompile>
    <ClCompile Include="..\Private\MainApp.cpp">
      <Filter>00.MainApp</Filter>
    </ClCompile>
    <ClCompile Include="..\Private\Player.cpp">
      <Filter>02.GameObject\Creature\Player</Filter>
    </ClCompile>
    <ClCompile Include="..\Private\Cube.cpp">
      <Filter>02.GameObject\Cube</Filter>
    </ClCompile>
    <ClCompile Include="..\Private\Wood.cpp">
      <Filter>03.MoDel\Wood</Filter>
    </ClCompile>
    <ClCompile Include="..\Private\Creature.cpp">
      <Filter>02.GameObject\Creature</Filter>
    </ClCompile>
    <ClCompile Include="..\Private\OrangeMushroom.cpp">
      <Filter>02.GameObject\Creature\Monster\OrangeMushroom</Filter>
    </ClCompile>
    <ClCompile Include="..\Private\AngelRay_Attack.cpp">
      <Filter>02.GameObject\Skill\RangeAttack\AngelRay\Attack</Filter>
    </ClCompile>
    <ClCompile Include="..\Private\AngelRay_Effect.cpp">
      <Filter>02.GameObject\Skill\RangeAttack\AngelRay\Effect</Filter>
    </ClCompile>
    <ClCompile Include="..\Private\AngelRay_Hit.cpp">
      <Filter>02.GameObject\Skill\RangeAttack\AngelRay\Hit</Filter>
    </ClCompile>
    <ClCompile Include="..\Private\RedSnail.cpp">
      <Filter>02.GameObject\Creature\Monster\RedSnail</Filter>
    </ClCompile>
    <ClCompile Include="..\Private\Slime.cpp">
      <Filter>02.GameObject\Creature\Monster\Sllime</Filter>
    </ClCompile>
    <ClCompile Include="..\Private\SolunaSlashEffectA.cpp">
      <Filter>02.GameObject\Skill\Dash\SolunaSlash\EffectA</Filter>
    </ClCompile>
    <ClCompile Include="..\Private\SolunaSlashEffectB.cpp">
      <Filter>02.GameObject\Skill\Dash\SolunaSlash\EffectB</Filter>
    </ClCompile>
    <ClCompile Include="..\Private\CrossTheStyx.cpp">
      <Filter>02.GameObject\Skill\CloseAttack\CrossTheStyx</Filter>
    </ClCompile>
  </ItemGroup>
  <ItemGroup>
    <Image Include="Client.ico">
      <Filter>90.Default</Filter>
    </Image>
    <Image Include="small.ico">
      <Filter>90.Default</Filter>
    </Image>
  </ItemGroup>
  <ItemGroup>
    <ResourceCompile Include="Client.rc">
      <Filter>90.Default</Filter>
    </ResourceCompile>
  </ItemGroup>
  <ItemGroup>
    <Text Include="ReadMe.txt">
      <Filter>90.Default</Filter>
    </Text>
  </ItemGroup>
</Project>